{
    "hash": "940847c1547ac1198ccab9b90a56435f",
    "packages": [
        {
            "name": "symfony/console",
            "version": "dev-master",
            "target-dir": "Symfony/Component/Console",
            "source": {
                "type": "git",
                "url": "https://github.com/symfony/Console",
                "reference": "bc0eaa4b024b3e3ad177a79c42b98a85f1861bd9"
            },
            "dist": {
                "type": "zip",
                "url": "https://github.com/symfony/Console/zipball/bc0eaa4b024b3e3ad177a79c42b98a85f1861bd9",
                "reference": "bc0eaa4b024b3e3ad177a79c42b98a85f1861bd9",
                "shasum": ""
            },
            "require": {
                "php": ">=5.3.3"
            },
            "time": "1351356054",
            "type": "library",
            "extra": {
                "branch-alias": {
                    "dev-master": "2.2-dev"
                }
            },
            "installation-source": "source",
            "autoload": {
                "psr-0": {
                    "Symfony\\Component\\Console\\": ""
                }
            },
            "license": [
                "MIT"
            ],
            "authors": [
                {
                    "name": "Fabien Potencier",
                    "email": "fabien@symfony.com"
                },
                {
                    "name": "Symfony Community",
                    "homepage": "http://symfony.com/contributors"
                }
            ],
            "description": "Symfony Console Component",
            "homepage": "http://symfony.com"
        },
        {
            "name": "symfony/finder",
            "version": "dev-master",
            "target-dir": "Symfony/Component/Finder",
            "source": {
                "type": "git",
                "url": "https://github.com/symfony/Finder",
                "reference": "525130b967ce2a9fe812e20bce9f5b245ef7bb2a"
            },
            "dist": {
                "type": "zip",
                "url": "https://github.com/symfony/Finder/zipball/525130b967ce2a9fe812e20bce9f5b245ef7bb2a",
                "reference": "525130b967ce2a9fe812e20bce9f5b245ef7bb2a",
                "shasum": ""
            },
            "require": {
                "php": ">=5.3.3"
            },
            "time": "1351093287",
            "type": "library",
            "extra": {
                "branch-alias": {
                    "dev-master": "2.2-dev"
                }
            },
            "installation-source": "source",
            "autoload": {
                "psr-0": {
                    "Symfony\\Component\\Finder\\": ""
                }
            },
            "license": [
                "MIT"
            ],
            "authors": [
                {
                    "name": "Fabien Potencier",
                    "email": "fabien@symfony.com"
                },
                {
                    "name": "Symfony Community",
                    "homepage": "http://symfony.com/contributors"
                }
            ],
            "description": "Symfony Finder Component",
            "homepage": "http://symfony.com"
        },
        {
            "name": "symfony/yaml",
            "version": "dev-master",
            "target-dir": "Symfony/Component/Yaml",
            "source": {
                "type": "git",
                "url": "https://github.com/symfony/Yaml",
                "reference": "76256c6d9f7f113eb31077883657191510ff0532"
            },
            "dist": {
                "type": "zip",
                "url": "https://github.com/symfony/Yaml/zipball/76256c6d9f7f113eb31077883657191510ff0532",
                "reference": "76256c6d9f7f113eb31077883657191510ff0532",
                "shasum": ""
            },
            "require": {
                "php": ">=5.3.3"
            },
            "time": "1351093287",
            "type": "library",
            "extra": {
                "branch-alias": {
                    "dev-master": "2.2-dev"
                }
            },
            "installation-source": "source",
            "autoload": {
                "psr-0": {
                    "Symfony\\Component\\Yaml\\": ""
                }
            },
            "license": [
                "MIT"
            ],
            "authors": [
                {
                    "name": "Fabien Potencier",
                    "email": "fabien@symfony.com"
                },
                {
                    "name": "Symfony Community",
                    "homepage": "http://symfony.com/contributors"
                }
            ],
            "description": "Symfony Yaml Component",
            "homepage": "http://symfony.com"
        },
        {
            "name": "zendframework/zend-config",
            "version": "2.0.3",
            "target-dir": "Zend/Config",
            "dist": {
                "type": "zip",
                "url": "http://packages.zendframework.com/composer/Zend_Config-2.0.3.zip",
                "reference": null,
                "shasum": null
            },
            "require": {
                "php": ">=5.3.3"
            },
            "type": "library",
            "installation-source": "dist",
            "autoload": {
                "psr-0": {
                    "Zend\\Config\\": ""
                }
            },
            "license": [
                "BSD-3-Clause"
            ],
            "description": "provides a nested object property based user interface for accessing this configuration data within application code",
            "homepage": "http://packages.zendframework.com/",
            "keywords": [
                "zf2",
                "config"
            ],
            "support": {
                "email": "fw-general-subscribe@lists.zend.com",
                "irc": "irc://irc.freenode.net/zftalk",
                "issues": "https://github.com/zendframework/zf2/issues",
                "source": "https://github.com/zendframework/zf2"
            }
        },
        {
            "name": "zendframework/zend-servicemanager",
            "version": "2.0.3",
            "target-dir": "Zend/ServiceManager",
            "dist": {
                "type": "zip",
                "url": "http://packages.zendframework.com/composer/Zend_ServiceManager-2.0.3.zip",
                "reference": null,
                "shasum": null
            },
            "require": {
                "php": ">=5.3.3"
            },
            "suggest": {
                "zendframework/zend-di": "Zend\\Di component"
            },
            "type": "library",
            "installation-source": "dist",
            "autoload": {
                "psr-0": {
                    "Zend\\ServiceManager\\": ""
                }
            },
            "license": [
                "BSD-3-Clause"
            ],
            "description": " ",
            "homepage": "http://packages.zendframework.com/",
            "keywords": [
                "zf2",
                "servicemanager"
            ],
            "support": {
                "email": "fw-general-subscribe@lists.zend.com",
                "irc": "irc://irc.freenode.net/zftalk",
                "issues": "https://github.com/zendframework/zf2/issues",
                "source": "https://github.com/zendframework/zf2"
            }
        },
        {
            "name": "zendframework/zend-stdlib",
            "version": "2.0.3",
            "target-dir": "Zend/Stdlib",
            "dist": {
                "type": "zip",
                "url": "http://packages.zendframework.com/composer/Zend_Stdlib-2.0.3.zip",
                "reference": null,
                "shasum": null
            },
            "require": {
                "php": ">=5.3.3"
            },
            "suggest": {
                "pecl-weakref": "Implementation of weak references for Stdlib\\CallbackHandler"
            },
            "type": "library",
            "installation-source": "dist",
            "autoload": {
                "psr-0": {
                    "Zend\\Stdlib\\": ""
                }
            },
            "license": [
                "BSD-3-Clause"
            ],
            "description": " ",
            "homepage": "http://packages.zendframework.com/",
            "keywords": [
                "zf2",
                "stdlib"
            ],
            "support": {
                "email": "fw-general-subscribe@lists.zend.com",
                "irc": "irc://irc.freenode.net/zftalk",
                "issues": "https://github.com/zendframework/zf2/issues",
                "source": "https://github.com/zendframework/zf2"
            }
        },
        {
            "name": "zendframework/zend-text",
            "version": "2.0.3",
            "target-dir": "Zend/Text",
            "dist": {
                "type": "zip",
                "url": "http://packages.zendframework.com/composer/Zend_Text-2.0.3.zip",
                "reference": null,
                "shasum": null
            },
            "require": {
                "php": ">=5.3.3",
                "zendframework/zend-stdlib": "self.version",
                "zendframework/zend-servicemanager": "self.version"
            },
            "type": "library",
            "installation-source": "dist",
            "autoload": {
                "psr-0": {
                    "Zend\\Text\\": ""
                }
            },
            "license": [
                "BSD-3-Clause"
            ],
            "description": " ",
            "homepage": "http://packages.zendframework.com/",
            "keywords": [
                "zf2",
                "text"
            ],
            "support": {
                "email": "fw-general-subscribe@lists.zend.com",
                "irc": "irc://irc.freenode.net/zftalk",
                "issues": "https://github.com/zendframework/zf2/issues",
                "source": "https://github.com/zendframework/zf2"
            }
        }
    ],
    "packages-dev": null,
    "aliases": [

    ],
    "minimum-stability": "stable",
    "stability-flags": {
        "symfony/console": 20,
        "symfony/yaml": 20,
        "symfony/finder": 20
    }
}
